// !$*UTF8*$!
{
	archiveVersion = 1;
	classes = {
	};
	objectVersion = 48;
	objects = {

/* Begin PBXBuildFile section */
		38A945252044AD6300E6E864 /* AppDelegate.swift in Sources */ = {isa = PBXBuildFile; fileRef = 38A945242044AD6300E6E864 /* AppDelegate.swift */; };
		38A945272044AD6300E6E864 /* ViewController.swift in Sources */ = {isa = PBXBuildFile; fileRef = 38A945262044AD6300E6E864 /* ViewController.swift */; };
		38A9452A2044AD6300E6E864 /* Main.storyboard in Resources */ = {isa = PBXBuildFile; fileRef = 38A945282044AD6300E6E864 /* Main.storyboard */; };
		38A9452C2044AD6300E6E864 /* Assets.xcassets in Resources */ = {isa = PBXBuildFile; fileRef = 38A9452B2044AD6300E6E864 /* Assets.xcassets */; };
		38A9452F2044AD6300E6E864 /* LaunchScreen.storyboard in Resources */ = {isa = PBXBuildFile; fileRef = 38A9452D2044AD6300E6E864 /* LaunchScreen.storyboard */; };
		38A9453A2044AD6400E6E864 /* TestGitTests.swift in Sources */ = {isa = PBXBuildFile; fileRef = 38A945392044AD6400E6E864 /* TestGitTests.swift */; };
		38A945452044AD6400E6E864 /* TestGitUITests.swift in Sources */ = {isa = PBXBuildFile; fileRef = 38A945442044AD6400E6E864 /* TestGitUITests.swift */; };
/* End PBXBuildFile section */

/* Begin PBXContainerItemProxy section */
		38A945362044AD6400E6E864 /* PBXContainerItemProxy */ = {
			isa = PBXContainerItemProxy;
			containerPortal = 38A945192044AD6300E6E864 /* Project object */;
			proxyType = 1;
			remoteGlobalIDString = 38A945202044AD6300E6E864;
			remoteInfo = TestGit;
		};
		38A945412044AD6400E6E864 /* PBXContainerItemProxy */ = {
			isa = PBXContainerItemProxy;
			containerPortal = 38A945192044AD6300E6E864 /* Project object */;
			proxyType = 1;
			remoteGlobalIDString = 38A945202044AD6300E6E864;
			remoteInfo = TestGit;
		};
/* End PBXContainerItemProxy section */

/* Begin PBXFileReference section */
		38A945212044AD6300E6E864 /* TestGit.app */ = {isa = PBXFileReference; explicitFileType = wrapper.application; includeInIndex = 0; path = TestGit.app; sourceTree = BUILT_PRODUCTS_DIR; };
		38A945242044AD6300E6E864 /* AppDelegate.swift */ = {isa = PBXFileReference; lastKnownFileType = sourcecode.swift; path = AppDelegate.swift; sourceTree = "<group>"; };
		38A945262044AD6300E6E864 /* ViewController.swift */ = {isa = PBXFileReference; lastKnownFileType = sourcecode.swift; path = ViewController.swift; sourceTree = "<group>"; };
		38A945292044AD6300E6E864 /* Base */ = {isa = PBXFileReference; lastKnownFileType = file.storyboard; name = Base; path = Base.lproj/Main.storyboard; sourceTree = "<group>"; };
		38A9452B2044AD6300E6E864 /* Assets.xcassets */ = {isa = PBXFileReference; lastKnownFileType = folder.assetcatalog; path = Assets.xcassets; sourceTree = "<group>"; };
		38A9452E2044AD6300E6E864 /* Base */ = {isa = PBXFileReference; lastKnownFileType = file.storyboard; name = Base; path = Base.lproj/LaunchScreen.storyboard; sourceTree = "<group>"; };
		38A945302044AD6300E6E864 /* Info.plist */ = {isa = PBXFileReference; lastKnownFileType = text.plist.xml; path = Info.plist; sourceTree = "<group>"; };
		38A945352044AD6400E6E864 /* TestGitTests.xctest */ = {isa = PBXFileReference; explicitFileType = wrapper.cfbundle; includeInIndex = 0; path = TestGitTests.xctest; sourceTree = BUILT_PRODUCTS_DIR; };
		38A945392044AD6400E6E864 /* TestGitTests.swift */ = {isa = PBXFileReference; lastKnownFileType = sourcecode.swift; path = TestGitTests.swift; sourceTree = "<group>"; };
		38A9453B2044AD6400E6E864 /* Info.plist */ = {isa = PBXFileReference; lastKnownFileType = text.plist.xml; path = Info.plist; sourceTree = "<group>"; };
		38A945402044AD6400E6E864 /* TestGitUITests.xctest */ = {isa = PBXFileReference; explicitFileType = wrapper.cfbundle; includeInIndex = 0; path = TestGitUITests.xctest; sourceTree = BUILT_PRODUCTS_DIR; };
		38A945442044AD6400E6E864 /* TestGitUITests.swift */ = {isa = PBXFileReference; lastKnownFileType = sourcecode.swift; path = TestGitUITests.swift; sourceTree = "<group>"; };
		38A945462044AD6400E6E864 /* Info.plist */ = {isa = PBXFileReference; lastKnownFileType = text.plist.xml; path = Info.plist; sourceTree = "<group>"; };
/* End PBXFileReference section */

/* Begin PBXFrameworksBuildPhase section */
		38A9451E2044AD6300E6E864 /* Frameworks */ = {
			isa = PBXFrameworksBuildPhase;
			buildActionMask = 2147483647;
			files = (
			);
			runOnlyForDeploymentPostprocessing = 0;
		};
		38A945322044AD6400E6E864 /* Frameworks */ = {
			isa = PBXFrameworksBuildPhase;
			buildActionMask = 2147483647;
			files = (
			);
			runOnlyForDeploymentPostprocessing = 0;
		};
		38A9453D2044AD6400E6E864 /* Frameworks */ = {
			isa = PBXFrameworksBuildPhase;
			buildActionMask = 2147483647;
			files = (
			);
			runOnlyForDeploymentPostprocessing = 0;
		};
/* End PBXFrameworksBuildPhase section */

/* Begin PBXGroup section */
		38A945182044AD6300E6E864 = {
			isa = PBXGroup;
			children = (
				38A945232044AD6300E6E864 /* TestGit */,
				38A945382044AD6400E6E864 /* TestGitTests */,
				38A945432044AD6400E6E864 /* TestGitUITests */,
				38A945222044AD6300E6E864 /* Products */,
			);
			sourceTree = "<group>";
		};
		38A945222044AD6300E6E864 /* Products */ = {
			isa = PBXGroup;
			children = (
				38A945212044AD6300E6E864 /* TestGit.app */,
				38A945352044AD6400E6E864 /* TestGitTests.xctest */,
				38A945402044AD6400E6E864 /* TestGitUITests.xctest */,
			);
			name = Products;
			sourceTree = "<group>";
		};
		38A945232044AD6300E6E864 /* TestGit */ = {
			isa = PBXGroup;
			children = (
				38A945242044AD6300E6E864 /* AppDelegate.swift */,
				38A945262044AD6300E6E864 /* ViewController.swift */,
				38A945282044AD6300E6E864 /* Main.storyboard */,
				38A9452B2044AD6300E6E864 /* Assets.xcassets */,
				38A9452D2044AD6300E6E864 /* LaunchScreen.storyboard */,
				38A945302044AD6300E6E864 /* Info.plist */,
			);
			path = TestGit;
			sourceTree = "<group>";
		};
		38A945382044AD6400E6E864 /* TestGitTests */ = {
			isa = PBXGroup;
			children = (
				38A945392044AD6400E6E864 /* TestGitTests.swift */,
				38A9453B2044AD6400E6E864 /* Info.plist */,
			);
			path = TestGitTests;
			sourceTree = "<group>";
		};
		38A945432044AD6400E6E864 /* TestGitUITests */ = {
			isa = PBXGroup;
			children = (
				38A945442044AD6400E6E864 /* TestGitUITests.swift */,
				38A945462044AD6400E6E864 /* Info.plist */,
			);
			path = TestGitUITests;
			sourceTree = "<group>";
		};
/* End PBXGroup section */

/* Begin PBXNativeTarget section */
		38A945202044AD6300E6E864 /* TestGit */ = {
			isa = PBXNativeTarget;
			buildConfigurationList = 38A945492044AD6400E6E864 /* Build configuration list for PBXNativeTarget "TestGit" */;
			buildPhases = (
				38A9451D2044AD6300E6E864 /* Sources */,
				38A9451E2044AD6300E6E864 /* Frameworks */,
				38A9451F2044AD6300E6E864 /* Resources */,
			);
			buildRules = (
			);
			dependencies = (
			);
			name = TestGit;
			productName = TestGit;
			productReference = 38A945212044AD6300E6E864 /* TestGit.app */;
			productType = "com.apple.product-type.application";
		};
		38A945342044AD6400E6E864 /* TestGitTests */ = {
			isa = PBXNativeTarget;
			buildConfigurationList = 38A9454C2044AD6400E6E864 /* Build configuration list for PBXNativeTarget "TestGitTests" */;
			buildPhases = (
				38A945312044AD6400E6E864 /* Sources */,
				38A945322044AD6400E6E864 /* Frameworks */,
				38A945332044AD6400E6E864 /* Resources */,
			);
			buildRules = (
			);
			dependencies = (
				38A945372044AD6400E6E864 /* PBXTargetDependency */,
			);
			name = TestGitTests;
			productName = TestGitTests;
			productReference = 38A945352044AD6400E6E864 /* TestGitTests.xctest */;
			productType = "com.apple.product-type.bundle.unit-test";
		};
		38A9453F2044AD6400E6E864 /* TestGitUITests */ = {
			isa = PBXNativeTarget;
			buildConfigurationList = 38A9454F2044AD6400E6E864 /* Build configuration list for PBXNativeTarget "TestGitUITests" */;
			buildPhases = (
				38A9453C2044AD6400E6E864 /* Sources */,
				38A9453D2044AD6400E6E864 /* Frameworks */,
				38A9453E2044AD6400E6E864 /* Resources */,
			);
			buildRules = (
			);
			dependencies = (
				38A945422044AD6400E6E864 /* PBXTargetDependency */,
			);
			name = TestGitUITests;
			productName = TestGitUITests;
			productReference = 38A945402044AD6400E6E864 /* TestGitUITests.xctest */;
			productType = "com.apple.product-type.bundle.ui-testing";
		};
/* End PBXNativeTarget section */

/* Begin PBXProject section */
		38A945192044AD6300E6E864 /* Project object */ = {
			isa = PBXProject;
			attributes = {
				LastSwiftUpdateCheck = 0920;
				LastUpgradeCheck = 0920;
				ORGANIZATIONNAME = "Jim Liakos";
				TargetAttributes = {
					38A945202044AD6300E6E864 = {
						CreatedOnToolsVersion = 9.2;
						ProvisioningStyle = Automatic;
					};
					38A945342044AD6400E6E864 = {
						CreatedOnToolsVersion = 9.2;
						ProvisioningStyle = Automatic;
						TestTargetID = 38A945202044AD6300E6E864;
					};
					38A9453F2044AD6400E6E864 = {
						CreatedOnToolsVersion = 9.2;
						ProvisioningStyle = Automatic;
						TestTargetID = 38A945202044AD6300E6E864;
					};
				};
			};
			buildConfigurationList = 38A9451C2044AD6300E6E864 /* Build configuration list for PBXProject "TestGit" */;
			compatibilityVersion = "Xcode 8.0";
			developmentRegion = en;
			hasScannedForEncodings = 0;
			knownRegions = (
				en,
				Base,
			);
			mainGroup = 38A945182044AD6300E6E864;
			productRefGroup = 38A945222044AD6300E6E864 /* Products */;
			projectDirPath = "";
			projectRoot = "";
			targets = (
				38A945202044AD6300E6E864 /* TestGit */,
				38A945342044AD6400E6E864 /* TestGitTests */,
				38A9453F2044AD6400E6E864 /* TestGitUITests */,
			);
		};
/* End PBXProject section */

/* Begin PBXResourcesBuildPhase section */
		38A9451F2044AD6300E6E864 /* Resources */ = {
			isa = PBXResourcesBuildPhase;
			buildActionMask = 2147483647;
			files = (
				38A9452F2044AD6300E6E864 /* LaunchScreen.storyboard in Resources */,
				38A9452C2044AD6300E6E864 /* Assets.xcassets in Resources */,
				38A9452A2044AD6300E6E864 /* Main.storyboard in Resources */,
			);
			runOnlyForDeploymentPostprocessing = 0;
		};
		38A945332044AD6400E6E864 /* Resources */ = {
			isa = PBXResourcesBuildPhase;
			buildActionMask = 2147483647;
			files = (
			);
			runOnlyForDeploymentPostprocessing = 0;
		};
		38A9453E2044AD6400E6E864 /* Resources */ = {
			isa = PBXResourcesBuildPhase;
			buildActionMask = 2147483647;
			files = (
			);
			runOnlyForDeploymentPostprocessing = 0;
		};
/* End PBXResourcesBuildPhase section */

/* Begin PBXSourcesBuildPhase section */
		38A9451D2044AD6300E6E864 /* Sources */ = {
			isa = PBXSourcesBuildPhase;
			buildActionMask = 2147483647;
			files = (
				38A945272044AD6300E6E864 /* ViewController.swift in Sources */,
				38A945252044AD6300E6E864 /* AppDelegate.swift in Sources */,
			);
			runOnlyForDeploymentPostprocessing = 0;
		};
		38A945312044AD6400E6E864 /* Sources */ = {
			isa = PBXSourcesBuildPhase;
			buildActionMask = 2147483647;
			files = (
				38A9453A2044AD6400E6E864 /* TestGitTests.swift in Sources */,
			);
			runOnlyForDeploymentPostprocessing = 0;
		};
		38A9453C2044AD6400E6E864 /* Sources */ = {
			isa = PBXSourcesBuildPhase;
			buildActionMask = 2147483647;
			files = (
				38A945452044AD6400E6E864 /* TestGitUITests.swift in Sources */,
			);
			runOnlyForDeploymentPostprocessing = 0;
		};
/* End PBXSourcesBuildPhase section */

/* Begin PBXTargetDependency section */
		38A945372044AD6400E6E864 /* PBXTargetDependency */ = {
			isa = PBXTargetDependency;
			target = 38A945202044AD6300E6E864 /* TestGit */;
			targetProxy = 38A945362044AD6400E6E864 /* PBXContainerItemProxy */;
		};
		38A945422044AD6400E6E864 /* PBXTargetDependency */ = {
			isa = PBXTargetDependency;
			target = 38A945202044AD6300E6E864 /* TestGit */;
			targetProxy = 38A945412044AD6400E6E864 /* PBXContainerItemProxy */;
		};
/* End PBXTargetDependency section */

/* Begin PBXVariantGroup section */
		38A945282044AD6300E6E864 /* Main.storyboard */ = {
			isa = PBXVariantGroup;
			children = (
				38A945292044AD6300E6E864 /* Base */,
			);
			name = Main.storyboard;
			sourceTree = "<group>";
		};
		38A9452D2044AD6300E6E864 /* LaunchScreen.storyboard */ = {
			isa = PBXVariantGroup;
			children = (
				38A9452E2044AD6300E6E864 /* Base */,
			);
			name = LaunchScreen.storyboard;
			sourceTree = "<group>";
		};
/* End PBXVariantGroup section */

/* Begin XCBuildConfiguration section */
		38A945472044AD6400E6E864 /* Debug */ = {
			isa = XCBuildConfiguration;
			buildSettings = {
				ALWAYS_SEARCH_USER_PATHS = NO;
				CLANG_ANALYZER_NONNULL = YES;
				CLANG_ANALYZER_NUMBER_OBJECT_CONVERSION = YES_AGGRESSIVE;
				CLANG_CXX_LANGUAGE_STANDARD = "gnu++14";
				CLANG_CXX_LIBRARY = "libc++";
				CLANG_ENABLE_MODULES = YES;
				CLANG_ENABLE_OBJC_ARC = YES;
				CLANG_WARN_BLOCK_CAPTURE_AUTORELEASING = YES;
				CLANG_WARN_BOOL_CONVERSION = YES;
				CLANG_WARN_COMMA = YES;
				CLANG_WARN_CONSTANT_CONVERSION = YES;
				CLANG_WARN_DIRECT_OBJC_ISA_USAGE = YES_ERROR;
				CLANG_WARN_DOCUMENTATION_COMMENTS = YES;
				CLANG_WARN_EMPTY_BODY = YES;
				CLANG_WARN_ENUM_CONVERSION = YES;
				CLANG_WARN_INFINITE_RECURSION = YES;
				CLANG_WARN_INT_CONVERSION = YES;
				CLANG_WARN_NON_LITERAL_NULL_CONVERSION = YES;
				CLANG_WARN_OBJC_LITERAL_CONVERSION = YES;
				CLANG_WARN_OBJC_ROOT_CLASS = YES_ERROR;
				CLANG_WARN_RANGE_LOOP_ANALYSIS = YES;
				CLANG_WARN_STRICT_PROTOTYPES = YES;
				CLANG_WARN_SUSPICIOUS_MOVE = YES;
				CLANG_WARN_UNGUARDED_AVAILABILITY = YES_AGGRESSIVE;
				CLANG_WARN_UNREACHABLE_CODE = YES;
				CLANG_WARN__DUPLICATE_METHOD_MATCH = YES;
				CODE_SIGN_IDENTITY = "iPhone Developer";
				COPY_PHASE_STRIP = NO;
				DEBUG_INFORMATION_FORMAT = dwarf;
				ENABLE_STRICT_OBJC_MSGSEND = YES;
				ENABLE_TESTABILITY = YES;
				GCC_C_LANGUAGE_STANDARD = gnu11;
				GCC_DYNAMIC_NO_PIC = NO;
				GCC_NO_COMMON_BLOCKS = YES;
				GCC_OPTIMIZATION_LEVEL = 0;
				GCC_PREPROCESSOR_DEFINITIONS = (
					"DEBUG=1",
					"$(inherited)",
				);
				GCC_WARN_64_TO_32_BIT_CONVERSION = YES;
				GCC_WARN_ABOUT_RETURN_TYPE = YES_ERROR;
				GCC_WARN_UNDECLARED_SELECTOR = YES;
				GCC_WARN_UNINITIALIZED_AUTOS = YES_AGGRESSIVE;
				GCC_WARN_UNUSED_FUNCTION = YES;
				GCC_WARN_UNUSED_VARIABLE = YES;
				IPHONEOS_DEPLOYMENT_TARGET = 11.2;
				MTL_ENABLE_DEBUG_INFO = YES;
				ONLY_ACTIVE_ARCH = YES;
				SDKROOT = iphoneos;
				SWIFT_ACTIVE_COMPILATION_CONDITIONS = DEBUG;
				SWIFT_OPTIMIZATION_LEVEL = "-Onone";
			};
			name = Debug;
		};
		38A945482044AD6400E6E864 /* Release */ = {
			isa = XCBuildConfiguration;
			buildSettings = {
				ALWAYS_SEARCH_USER_PATHS = NO;
				CLANG_ANALYZER_NONNULL = YES;
				CLANG_ANALYZER_NUMBER_OBJECT_CONVERSION = YES_AGGRESSIVE;
				CLANG_CXX_LANGUAGE_STANDARD = "gnu++14";
				CLANG_CXX_LIBRARY = "libc++";
				CLANG_ENABLE_MODULES = YES;
				CLANG_ENABLE_OBJC_ARC = YES;
				CLANG_WARN_BLOCK_CAPTURE_AUTORELEASING = YES;
				CLANG_WARN_BOOL_CONVERSION = YES;
				CLANG_WARN_COMMA = YES;
				CLANG_WARN_CONSTANT_CONVERSION = YES;
				CLANG_WARN_DIRECT_OBJC_ISA_USAGE = YES_ERROR;
				CLANG_WARN_DOCUMENTATION_COMMENTS = YES;
				CLANG_WARN_EMPTY_BODY = YES;
				CLANG_WARN_ENUM_CONVERSION = YES;
				CLANG_WARN_INFINITE_RECURSION = YES;
				CLANG_WARN_INT_CONVERSION = YES;
				CLANG_WARN_NON_LITERAL_NULL_CONVERSION = YES;
				CLANG_WARN_OBJC_LITERAL_CONVERSION = YES;
				CLANG_WARN_OBJC_ROOT_CLASS = YES_ERROR;
				CLANG_WARN_RANGE_LOOP_ANALYSIS = YES;
				CLANG_WARN_STRICT_PROTOTYPES = YES;
				CLANG_WARN_SUSPICIOUS_MOVE = YES;
				CLANG_WARN_UNGUARDED_AVAILABILITY = YES_AGGRESSIVE;
				CLANG_WARN_UNREACHABLE_CODE = YES;
				CLANG_WARN__DUPLICATE_METHOD_MATCH = YES;
				CODE_SIGN_IDENTITY = "iPhone Developer";
				COPY_PHASE_STRIP = NO;
				DEBUG_INFORMATION_FORMAT = "dwarf-with-dsym";
				ENABLE_NS_ASSERTIONS = NO;
				ENABLE_STRICT_OBJC_MSGSEND = YES;
				GCC_C_LANGUAGE_STANDARD = gnu11;
				GCC_NO_COMMON_BLOCKS = YES;
				GCC_WARN_64_TO_32_BIT_CONVERSION = YES;
				GCC_WARN_ABOUT_RETURN_TYPE = YES_ERROR;
				GCC_WARN_UNDECLARED_SELECTOR = YES;
				GCC_WARN_UNINITIALIZED_AUTOS = YES_AGGRESSIVE;
				GCC_WARN_UNUSED_FUNCTION = YES;
				GCC_WARN_UNUSED_VARIABLE = YES;
				IPHONEOS_DEPLOYMENT_TARGET = 11.2;
				MTL_ENABLE_DEBUG_INFO = NO;
				SDKROOT = iphoneos;
				SWIFT_OPTIMIZATION_LEVEL = "-Owholemodule";
				VALIDATE_PRODUCT = YES;
			};
			name = Release;
		};
		38A9454A2044AD6400E6E864 /* Debug */ = {
			isa = XCBuildConfiguration;
			buildSettings = {
				ASSETCATALOG_COMPILER_APPICON_NAME = AppIcon;
				CODE_SIGN_STYLE = Automatic;
				DEVELOPMENT_TEAM = C6L6F23ZF4;
				INFOPLIST_FILE = TestGit/Info.plist;
				LD_RUNPATH_SEARCH_PATHS = "$(inherited) @executable_path/Frameworks";
				PRODUCT_BUNDLE_IDENTIFIER = MitroSoft.TestGit;
				PRODUCT_NAME = "$(TARGET_NAME)";
				SWIFT_VERSION = 4.0;
				TARGETED_DEVICE_FAMILY = "1,2";
			};
			name = Debug;
		};
		38A9454B2044AD6400E6E864 /* Release */ = {
			isa = XCBuildConfiguration;
			buildSettings = {
				ASSETCATALOG_COMPILER_APPICON_NAME = AppIcon;
				CODE_SIGN_STYLE = Automatic;
				DEVELOPMENT_TEAM = C6L6F23ZF4;
				INFOPLIST_FILE = TestGit/Info.plist;
				LD_RUNPATH_SEARCH_PATHS = "$(inherited) @executable_path/Frameworks";
				PRODUCT_BUNDLE_IDENTIFIER = MitroSoft.TestGit;
				PRODUCT_NAME = "$(TARGET_NAME)";
				SWIFT_VERSION = 4.0;
				TARGETED_DEVICE_FAMILY = "1,2";
			};
			name = Release;
		};
		38A9454D2044AD6400E6E864 /* Debug */ = {
			isa = XCBuildConfiguration;
			buildSettings = {
				ALWAYS_EMBED_SWIFT_STANDARD_LIBRARIES = YES;
				BUNDLE_LOADER = "$(TEST_HOST)";
				CODE_SIGN_STYLE = Automatic;
				DEVELOPMENT_TEAM = C6L6F23ZF4;
				INFOPLIST_FILE = TestGitTests/Info.plist;
				LD_RUNPATH_SEARCH_PATHS = "$(inherited) @executable_path/Frameworks @loader_path/Frameworks";
				PRODUCT_BUNDLE_IDENTIFIER = MitroSoft.TestGitTests;
				PRODUCT_NAME = "$(TARGET_NAME)";
				SWIFT_VERSION = 4.0;
				TARGETED_DEVICE_FAMILY = "1,2";
				TEST_HOST = "$(BUILT_PRODUCTS_DIR)/TestGit.app/TestGit";
			};
			name = Debug;
		};
		38A9454E2044AD6400E6E864 /* Release */ = {
			isa = XCBuildConfiguration;
			buildSettings = {
				ALWAYS_EMBED_SWIFT_STANDARD_LIBRARIES = YES;
				BUNDLE_LOADER = "$(TEST_HOST)";
				CODE_SIGN_STYLE = Automatic;
				DEVELOPMENT_TEAM = C6L6F23ZF4;
				INFOPLIST_FILE = TestGitTests/Info.plist;
				LD_RUNPATH_SEARCH_PATHS = "$(inherited) @executable_path/Frameworks @loader_path/Frameworks";
				PRODUCT_BUNDLE_IDENTIFIER = MitroSoft.TestGitTests;
				PRODUCT_NAME = "$(TARGET_NAME)";
				SWIFT_VERSION = 4.0;
				TARGETED_DEVICE_FAMILY = "1,2";
				TEST_HOST = "$(BUILT_PRODUCTS_DIR)/TestGit.app/TestGit";
			};
			name = Release;
		};
		38A945502044AD6400E6E864 /* Debug */ = {
			isa = XCBuildConfiguration;
			buildSettings = {
				ALWAYS_EMBED_SWIFT_STANDARD_LIBRARIES = YES;
				CODE_SIGN_STYLE = Automatic;
				DEVELOPMENT_TEAM = C6L6F23ZF4;
				INFOPLIST_FILE = TestGitUITests/Info.plist;
				LD_RUNPATH_SEARCH_PATHS = "$(inherited) @executable_path/Frameworks @loader_path/Frameworks";
				PRODUCT_BUNDLE_IDENTIFIER = MitroSoft.TestGitUITests;
				PRODUCT_NAME = "$(TARGET_NAME)";
				SWIFT_VERSION = 4.0;
				TARGETED_DEVICE_FAMILY = "1,2";
				TEST_TARGET_NAME = TestGit;
			};
			name = Debug;
		};
		38A945512044AD6400E6E864 /* Release */ = {
			isa = XCBuildConfiguration;
			buildSettings = {
				ALWAYS_EMBED_SWIFT_STANDARD_LIBRARIES = YES;
				CODE_SIGN_STYLE = Automatic;
				DEVELOPMENT_TEAM = C6L6F23ZF4;
				INFOPLIST_FILE = TestGitUITests/Info.plist;
				LD_RUNPATH_SEARCH_PATHS = "$(inherited) @executable_path/Frameworks @loader_path/Frameworks";
				PRODUCT_BUNDLE_IDENTIFIER = MitroSoft.TestGitUITests;
				PRODUCT_NAME = "$(TARGET_NAME)";
				SWIFT_VERSION = 4.0;
				TARGETED_DEVICE_FAMILY = "1,2";
				TEST_TARGET_NAME = TestGit;
			};
			name = Release;
		};
/* End XCBuildConfiguration section */

/* Begin XCConfigurationList section */
		38A9451C2044AD6300E6E864 /* Build configuration list for PBXProject "TestGit" */ = {
			isa = XCConfigurationList;
			buildConfigurations = (
				38A945472044AD6400E6E864 /* Debug */,
				38A945482044AD6400E6E864 /* Release */,
			);
			defaultConfigurationIsVisible = 0;
			defaultConfigurationName = Release;
		};
		38A945492044AD6400E6E864 /* Build configuration list for PBXNativeTarget "TestGit" */ = {
			isa = XCConfigurationList;
			buildConfigurations = (
				38A9454A2044AD6400E6E864 /* Debug */,
				38A9454B2044AD6400E6E864 /* Release */,
			);
			defaultConfigurationIsVisible = 0;
			defaultConfigurationName = Release;
		};
		38A9454C2044AD6400E6E864 /* Build configuration list for PBXNativeTarget "TestGitTests" */ = {
			isa = XCConfigurationList;
			buildConfigurations = (
				38A9454D2044AD6400E6E864 /* Debug */,
				38A9454E2044AD6400E6E864 /* Release */,
			);
			defaultConfigurationIsVisible = 0;
			defaultConfigurationName = Release;
		};
		38A9454F2044AD6400E6E864 /* Build configuration list for PBXNativeTarget "TestGitUITests" */ = {
			isa = XCConfigurationList;
			buildConfigurations = (
				38A945502044AD6400E6E864 /* Debug */,
				38A945512044AD6400E6E864 /* Release */,
			);
			defaultConfigurationIsVisible = 0;
			defaultConfigurationName = Release;
		};
/* End XCConfigurationList section */
	};
	rootObject = 38A945192044AD6300E6E864 /* Project object */;
}
